// !$*UTF8*$!
{
	archiveVersion = 1;
	classes = {
	};
	objectVersion = 56;
	objects = {

/* Begin PBXBuildFile section */
		10533E833A30B7DA9347BCEB /* Pods_ReskinBLEAppTests.framework in Frameworks */ = {isa = PBXBuildFile; fileRef = E89530D391651A7B45F138FC /* Pods_ReskinBLEAppTests.framework */; };
		262CA726C681B31A98312192 /* Pods_ReskinBLEApp_ReskinBLEAppUITests.framework in Frameworks */ = {isa = PBXBuildFile; fileRef = B1433E9D72A7D0A10A3BC6F6 /* Pods_ReskinBLEApp_ReskinBLEAppUITests.framework */; };
		B905B27D2C8A6BD3006F994E /* liveConnectionView.swift in Sources */ = {isa = PBXBuildFile; fileRef = B905B27C2C8A6BD3006F994E /* liveConnectionView.swift */; };
		B905B27F2C8A706A006F994E /* WebRTCManager.swift in Sources */ = {isa = PBXBuildFile; fileRef = B905B27E2C8A706A006F994E /* WebRTCManager.swift */; };
		B9104F5E2BFDE63A000D4DDD /* USBInterfaceAppApp.swift in Sources */ = {isa = PBXBuildFile; fileRef = B9104F5D2BFDE63A000D4DDD /* USBInterfaceAppApp.swift */; };
		B9104F602BFDE63A000D4DDD /* ContentView.swift in Sources */ = {isa = PBXBuildFile; fileRef = B9104F5F2BFDE63A000D4DDD /* ContentView.swift */; };
		B9104F622BFDE63C000D4DDD /* Assets.xcassets in Resources */ = {isa = PBXBuildFile; fileRef = B9104F612BFDE63C000D4DDD /* Assets.xcassets */; };
		B9104F6F2BFDE63C000D4DDD /* USBInterfaceAppTests.swift in Sources */ = {isa = PBXBuildFile; fileRef = B9104F6E2BFDE63C000D4DDD /* USBInterfaceAppTests.swift */; };
		B9104F792BFDE63C000D4DDD /* USBInterfaceAppUITests.swift in Sources */ = {isa = PBXBuildFile; fileRef = B9104F782BFDE63C000D4DDD /* USBInterfaceAppUITests.swift */; };
		B9104F7B2BFDE63C000D4DDD /* USBInterfaceAppUITestsLaunchTests.swift in Sources */ = {isa = PBXBuildFile; fileRef = B9104F7A2BFDE63C000D4DDD /* USBInterfaceAppUITestsLaunchTests.swift */; };
		B98D69522C04559900648D95 /* dataStroageView.swift in Sources */ = {isa = PBXBuildFile; fileRef = B98D69512C04559900648D95 /* dataStroageView.swift */; };
		B98D69542C04563000648D95 /* readView.swift in Sources */ = {isa = PBXBuildFile; fileRef = B98D69532C04563000648D95 /* readView.swift */; };
		B98D69562C04569C00648D95 /* accountView.swift in Sources */ = {isa = PBXBuildFile; fileRef = B98D69552C04569C00648D95 /* accountView.swift */; };
		B98D69582C04671200648D95 /* ViewController.swift in Sources */ = {isa = PBXBuildFile; fileRef = B98D69572C04671200648D95 /* ViewController.swift */; };
		B9944A342CFE983300232FBB /* MainPage.swift in Sources */ = {isa = PBXBuildFile; fileRef = B9944A332CFE982E00232FBB /* MainPage.swift */; };
		B9944A362CFE989100232FBB /* MainView.swift in Sources */ = {isa = PBXBuildFile; fileRef = B9944A352CFE988E00232FBB /* MainView.swift */; };
		B9B046A82C06DFA300096E8B /* DataViewView.swift in Sources */ = {isa = PBXBuildFile; fileRef = B9B046A72C06DFA300096E8B /* DataViewView.swift */; };
		B9B046AC2C0DE7D000096E8B /* TryReadDataView.swift in Sources */ = {isa = PBXBuildFile; fileRef = B9B046AB2C0DE7D000096E8B /* TryReadDataView.swift */; };
		B9BDD0652C573EA20061475C /* peripheralView.swift in Sources */ = {isa = PBXBuildFile; fileRef = B9BDD0642C573EA20061475C /* peripheralView.swift */; };
		B9D072BF2C1445E700C5ECD8 /* BluetoothManager.swift in Sources */ = {isa = PBXBuildFile; fileRef = B9D072BE2C1445E700C5ECD8 /* BluetoothManager.swift */; };
		B9D072C12C145BE700C5ECD8 /* CBUUIDS.swift in Sources */ = {isa = PBXBuildFile; fileRef = B9D072C02C145BE700C5ECD8 /* CBUUIDS.swift */; };
		B9D072C32C23F6F100C5ECD8 /* deviceView.swift in Sources */ = {isa = PBXBuildFile; fileRef = B9D072C22C23F6F100C5ECD8 /* deviceView.swift */; };
		B9D8D3F12C534DA800A7B839 /* SwiftUIView.swift in Sources */ = {isa = PBXBuildFile; fileRef = B9D8D3F02C534DA800A7B839 /* SwiftUIView.swift */; };
		B9F3C4142C515F1A008B555A /* CameraHome.swift in Sources */ = {isa = PBXBuildFile; fileRef = B9F3C4132C515F1A008B555A /* CameraHome.swift */; };
		B9F3C4182C518050008B555A /* CameraViewModel.swift in Sources */ = {isa = PBXBuildFile; fileRef = B9F3C4172C518050008B555A /* CameraViewModel.swift */; };
		B9FFD4EC2D163C1A00FAD8CA /* ARViewContainer.swift in Sources */ = {isa = PBXBuildFile; fileRef = B9FFD4EB2D163C1A00FAD8CA /* ARViewContainer.swift */; };
		CDE14DA36B71D1D0C3F13D96 /* Pods_ReskinBLEApp.framework in Frameworks */ = {isa = PBXBuildFile; fileRef = 4F96CB0EDE6B0F8A62632894 /* Pods_ReskinBLEApp.framework */; };
/* End PBXBuildFile section */

/* Begin PBXContainerItemProxy section */
		B9104F6B2BFDE63C000D4DDD /* PBXContainerItemProxy */ = {
			isa = PBXContainerItemProxy;
			containerPortal = B9104F522BFDE63A000D4DDD /* Project object */;
			proxyType = 1;
			remoteGlobalIDString = B9104F592BFDE63A000D4DDD;
			remoteInfo = USBInterfaceApp;
		};
		B9104F752BFDE63C000D4DDD /* PBXContainerItemProxy */ = {
			isa = PBXContainerItemProxy;
			containerPortal = B9104F522BFDE63A000D4DDD /* Project object */;
			proxyType = 1;
			remoteGlobalIDString = B9104F592BFDE63A000D4DDD;
			remoteInfo = USBInterfaceApp;
		};
/* End PBXContainerItemProxy section */

/* Begin PBXFileReference section */
		0CBD4267F2EF97DBCD33503C /* Pods-ReskinBLEApp.release.xcconfig */ = {isa = PBXFileReference; includeInIndex = 1; lastKnownFileType = text.xcconfig; name = "Pods-ReskinBLEApp.release.xcconfig"; path = "Target Support Files/Pods-ReskinBLEApp/Pods-ReskinBLEApp.release.xcconfig"; sourceTree = "<group>"; };
		1ACF9268D5F722721AF8AB81 /* Pods-ReskinBLEApp.debug.xcconfig */ = {isa = PBXFileReference; includeInIndex = 1; lastKnownFileType = text.xcconfig; name = "Pods-ReskinBLEApp.debug.xcconfig"; path = "Target Support Files/Pods-ReskinBLEApp/Pods-ReskinBLEApp.debug.xcconfig"; sourceTree = "<group>"; };
		343E0790C0DA3CC1E2DF3D0C /* Pods-ReskinBLEAppTests.release.xcconfig */ = {isa = PBXFileReference; includeInIndex = 1; lastKnownFileType = text.xcconfig; name = "Pods-ReskinBLEAppTests.release.xcconfig"; path = "Target Support Files/Pods-ReskinBLEAppTests/Pods-ReskinBLEAppTests.release.xcconfig"; sourceTree = "<group>"; };
		4F96CB0EDE6B0F8A62632894 /* Pods_ReskinBLEApp.framework */ = {isa = PBXFileReference; explicitFileType = wrapper.framework; includeInIndex = 0; path = Pods_ReskinBLEApp.framework; sourceTree = BUILT_PRODUCTS_DIR; };
		58E1B0A80DFAF829946B0063 /* Pods-ReskinBLEApp-ReskinBLEAppUITests.debug.xcconfig */ = {isa = PBXFileReference; includeInIndex = 1; lastKnownFileType = text.xcconfig; name = "Pods-ReskinBLEApp-ReskinBLEAppUITests.debug.xcconfig"; path = "Target Support Files/Pods-ReskinBLEApp-ReskinBLEAppUITests/Pods-ReskinBLEApp-ReskinBLEAppUITests.debug.xcconfig"; sourceTree = "<group>"; };
		B1433E9D72A7D0A10A3BC6F6 /* Pods_ReskinBLEApp_ReskinBLEAppUITests.framework */ = {isa = PBXFileReference; explicitFileType = wrapper.framework; includeInIndex = 0; path = Pods_ReskinBLEApp_ReskinBLEAppUITests.framework; sourceTree = BUILT_PRODUCTS_DIR; };
		B905B27C2C8A6BD3006F994E /* liveConnectionView.swift */ = {isa = PBXFileReference; lastKnownFileType = sourcecode.swift; path = liveConnectionView.swift; sourceTree = "<group>"; };
		B905B27E2C8A706A006F994E /* WebRTCManager.swift */ = {isa = PBXFileReference; lastKnownFileType = sourcecode.swift; path = WebRTCManager.swift; sourceTree = "<group>"; };
		B9104F5A2BFDE63A000D4DDD /* ReskinBLEApp.app */ = {isa = PBXFileReference; explicitFileType = wrapper.application; includeInIndex = 0; path = ReskinBLEApp.app; sourceTree = BUILT_PRODUCTS_DIR; };
		B9104F5D2BFDE63A000D4DDD /* USBInterfaceAppApp.swift */ = {isa = PBXFileReference; lastKnownFileType = sourcecode.swift; path = USBInterfaceAppApp.swift; sourceTree = "<group>"; };
		B9104F5F2BFDE63A000D4DDD /* ContentView.swift */ = {isa = PBXFileReference; lastKnownFileType = sourcecode.swift; path = ContentView.swift; sourceTree = "<group>"; };
		B9104F612BFDE63C000D4DDD /* Assets.xcassets */ = {isa = PBXFileReference; lastKnownFileType = folder.assetcatalog; path = Assets.xcassets; sourceTree = "<group>"; };
		B9104F6A2BFDE63C000D4DDD /* ReskinBLEAppTests.xctest */ = {isa = PBXFileReference; explicitFileType = wrapper.cfbundle; includeInIndex = 0; path = ReskinBLEAppTests.xctest; sourceTree = BUILT_PRODUCTS_DIR; };
		B9104F6E2BFDE63C000D4DDD /* USBInterfaceAppTests.swift */ = {isa = PBXFileReference; lastKnownFileType = sourcecode.swift; path = USBInterfaceAppTests.swift; sourceTree = "<group>"; };
		B9104F742BFDE63C000D4DDD /* ReskinBLEAppUITests.xctest */ = {isa = PBXFileReference; explicitFileType = wrapper.cfbundle; includeInIndex = 0; path = ReskinBLEAppUITests.xctest; sourceTree = BUILT_PRODUCTS_DIR; };
		B9104F782BFDE63C000D4DDD /* USBInterfaceAppUITests.swift */ = {isa = PBXFileReference; lastKnownFileType = sourcecode.swift; path = USBInterfaceAppUITests.swift; sourceTree = "<group>"; };
		B9104F7A2BFDE63C000D4DDD /* USBInterfaceAppUITestsLaunchTests.swift */ = {isa = PBXFileReference; lastKnownFileType = sourcecode.swift; path = USBInterfaceAppUITestsLaunchTests.swift; sourceTree = "<group>"; };
		B98D69512C04559900648D95 /* dataStroageView.swift */ = {isa = PBXFileReference; lastKnownFileType = sourcecode.swift; path = dataStroageView.swift; sourceTree = "<group>"; };
		B98D69532C04563000648D95 /* readView.swift */ = {isa = PBXFileReference; lastKnownFileType = sourcecode.swift; path = readView.swift; sourceTree = "<group>"; };
		B98D69552C04569C00648D95 /* accountView.swift */ = {isa = PBXFileReference; lastKnownFileType = sourcecode.swift; path = accountView.swift; sourceTree = "<group>"; };
		B98D69572C04671200648D95 /* ViewController.swift */ = {isa = PBXFileReference; lastKnownFileType = sourcecode.swift; path = ViewController.swift; sourceTree = "<group>"; };
		B98D69632C04911F00648D95 /* Info.plist */ = {isa = PBXFileReference; lastKnownFileType = text.plist; path = Info.plist; sourceTree = "<group>"; };
		B9944A272CFE8B4F00232FBB /* NSBluetoothAlwaysUsageDescription.txt */ = {isa = PBXFileReference; lastKnownFileType = text; path = NSBluetoothAlwaysUsageDescription.txt; sourceTree = "<group>"; };
		B9944A332CFE982E00232FBB /* MainPage.swift */ = {isa = PBXFileReference; lastKnownFileType = sourcecode.swift; path = MainPage.swift; sourceTree = "<group>"; };
		B9944A352CFE988E00232FBB /* MainView.swift */ = {isa = PBXFileReference; lastKnownFileType = sourcecode.swift; path = MainView.swift; sourceTree = "<group>"; };
		B9B046A72C06DFA300096E8B /* DataViewView.swift */ = {isa = PBXFileReference; lastKnownFileType = sourcecode.swift; path = DataViewView.swift; sourceTree = "<group>"; };
		B9B046AB2C0DE7D000096E8B /* TryReadDataView.swift */ = {isa = PBXFileReference; lastKnownFileType = sourcecode.swift; path = TryReadDataView.swift; sourceTree = "<group>"; };
		B9BDD0642C573EA20061475C /* peripheralView.swift */ = {isa = PBXFileReference; lastKnownFileType = sourcecode.swift; path = peripheralView.swift; sourceTree = "<group>"; };
		B9D072BE2C1445E700C5ECD8 /* BluetoothManager.swift */ = {isa = PBXFileReference; lastKnownFileType = sourcecode.swift; path = BluetoothManager.swift; sourceTree = "<group>"; };
		B9D072C02C145BE700C5ECD8 /* CBUUIDS.swift */ = {isa = PBXFileReference; lastKnownFileType = sourcecode.swift; path = CBUUIDS.swift; sourceTree = "<group>"; };
		B9D072C22C23F6F100C5ECD8 /* deviceView.swift */ = {isa = PBXFileReference; lastKnownFileType = sourcecode.swift; path = deviceView.swift; sourceTree = "<group>"; };
		B9D8D3F02C534DA800A7B839 /* SwiftUIView.swift */ = {isa = PBXFileReference; lastKnownFileType = sourcecode.swift; path = SwiftUIView.swift; sourceTree = "<group>"; };
		B9F3C4132C515F1A008B555A /* CameraHome.swift */ = {isa = PBXFileReference; lastKnownFileType = sourcecode.swift; path = CameraHome.swift; sourceTree = "<group>"; };
		B9F3C4172C518050008B555A /* CameraViewModel.swift */ = {isa = PBXFileReference; lastKnownFileType = sourcecode.swift; path = CameraViewModel.swift; sourceTree = "<group>"; };
		B9FFD4EB2D163C1A00FAD8CA /* ARViewContainer.swift */ = {isa = PBXFileReference; lastKnownFileType = sourcecode.swift; path = ARViewContainer.swift; sourceTree = "<group>"; };
		DD73662182F31C9D894E5858 /* Pods-ReskinBLEAppTests.debug.xcconfig */ = {isa = PBXFileReference; includeInIndex = 1; lastKnownFileType = text.xcconfig; name = "Pods-ReskinBLEAppTests.debug.xcconfig"; path = "Target Support Files/Pods-ReskinBLEAppTests/Pods-ReskinBLEAppTests.debug.xcconfig"; sourceTree = "<group>"; };
		E89530D391651A7B45F138FC /* Pods_ReskinBLEAppTests.framework */ = {isa = PBXFileReference; explicitFileType = wrapper.framework; includeInIndex = 0; path = Pods_ReskinBLEAppTests.framework; sourceTree = BUILT_PRODUCTS_DIR; };
		F3F1F260C56E398FCAC64AE0 /* Pods-ReskinBLEApp-ReskinBLEAppUITests.release.xcconfig */ = {isa = PBXFileReference; includeInIndex = 1; lastKnownFileType = text.xcconfig; name = "Pods-ReskinBLEApp-ReskinBLEAppUITests.release.xcconfig"; path = "Target Support Files/Pods-ReskinBLEApp-ReskinBLEAppUITests/Pods-ReskinBLEApp-ReskinBLEAppUITests.release.xcconfig"; sourceTree = "<group>"; };
/* End PBXFileReference section */

/* Begin PBXFrameworksBuildPhase section */
		B9104F572BFDE63A000D4DDD /* Frameworks */ = {
			isa = PBXFrameworksBuildPhase;
			buildActionMask = 2147483647;
			files = (
				CDE14DA36B71D1D0C3F13D96 /* Pods_ReskinBLEApp.framework in Frameworks */,
			);
			runOnlyForDeploymentPostprocessing = 0;
		};
		B9104F672BFDE63C000D4DDD /* Frameworks */ = {
			isa = PBXFrameworksBuildPhase;
			buildActionMask = 2147483647;
			files = (
				10533E833A30B7DA9347BCEB /* Pods_ReskinBLEAppTests.framework in Frameworks */,
			);
			runOnlyForDeploymentPostprocessing = 0;
		};
		B9104F712BFDE63C000D4DDD /* Frameworks */ = {
			isa = PBXFrameworksBuildPhase;
			buildActionMask = 2147483647;
			files = (
				262CA726C681B31A98312192 /* Pods_ReskinBLEApp_ReskinBLEAppUITests.framework in Frameworks */,
			);
			runOnlyForDeploymentPostprocessing = 0;
		};
/* End PBXFrameworksBuildPhase section */

/* Begin PBXGroup section */
		15990DD6FB02C20E1E01F328 /* Pods */ = {
			isa = PBXGroup;
			children = (
				1ACF9268D5F722721AF8AB81 /* Pods-ReskinBLEApp.debug.xcconfig */,
				0CBD4267F2EF97DBCD33503C /* Pods-ReskinBLEApp.release.xcconfig */,
				58E1B0A80DFAF829946B0063 /* Pods-ReskinBLEApp-ReskinBLEAppUITests.debug.xcconfig */,
				F3F1F260C56E398FCAC64AE0 /* Pods-ReskinBLEApp-ReskinBLEAppUITests.release.xcconfig */,
				DD73662182F31C9D894E5858 /* Pods-ReskinBLEAppTests.debug.xcconfig */,
				343E0790C0DA3CC1E2DF3D0C /* Pods-ReskinBLEAppTests.release.xcconfig */,
			);
			path = Pods;
			sourceTree = "<group>";
		};
		5D65C12116564382B1C848B3 /* Frameworks */ = {
			isa = PBXGroup;
			children = (
				4F96CB0EDE6B0F8A62632894 /* Pods_ReskinBLEApp.framework */,
				B1433E9D72A7D0A10A3BC6F6 /* Pods_ReskinBLEApp_ReskinBLEAppUITests.framework */,
				E89530D391651A7B45F138FC /* Pods_ReskinBLEAppTests.framework */,
			);
			name = Frameworks;
			sourceTree = "<group>";
		};
		B9104F512BFDE63A000D4DDD = {
			isa = PBXGroup;
			children = (
				B9944A272CFE8B4F00232FBB /* NSBluetoothAlwaysUsageDescription.txt */,
				B9104F5C2BFDE63A000D4DDD /* ReskinBLEApp */,
				B9104F6D2BFDE63C000D4DDD /* ReskinBLEAppTests */,
				B9104F772BFDE63C000D4DDD /* ReskinBLEAppUITests */,
				B9104F5B2BFDE63A000D4DDD /* Products */,
				15990DD6FB02C20E1E01F328 /* Pods */,
				5D65C12116564382B1C848B3 /* Frameworks */,
			);
			sourceTree = "<group>";
		};
		B9104F5B2BFDE63A000D4DDD /* Products */ = {
			isa = PBXGroup;
			children = (
				B9104F5A2BFDE63A000D4DDD /* ReskinBLEApp.app */,
				B9104F6A2BFDE63C000D4DDD /* ReskinBLEAppTests.xctest */,
				B9104F742BFDE63C000D4DDD /* ReskinBLEAppUITests.xctest */,
			);
			name = Products;
			sourceTree = "<group>";
		};
		B9104F5C2BFDE63A000D4DDD /* ReskinBLEApp */ = {
			isa = PBXGroup;
			children = (
				B98D69632C04911F00648D95 /* Info.plist */,
				B9D072C02C145BE700C5ECD8 /* CBUUIDS.swift */,
				B9D072BE2C1445E700C5ECD8 /* BluetoothManager.swift */,
				B98D69572C04671200648D95 /* ViewController.swift */,
				B9104F5D2BFDE63A000D4DDD /* USBInterfaceAppApp.swift */,
				B9104F5F2BFDE63A000D4DDD /* ContentView.swift */,
				B98D69532C04563000648D95 /* readView.swift */,
				B98D69512C04559900648D95 /* dataStroageView.swift */,
				B98D69552C04569C00648D95 /* accountView.swift */,
				B9D072C22C23F6F100C5ECD8 /* deviceView.swift */,
				B9B046A72C06DFA300096E8B /* DataViewView.swift */,
				B9B046AB2C0DE7D000096E8B /* TryReadDataView.swift */,
				B9F3C4172C518050008B555A /* CameraViewModel.swift */,
				B9944A332CFE982E00232FBB /* MainPage.swift */,
				B9944A352CFE988E00232FBB /* MainView.swift */,
				B9F3C4132C515F1A008B555A /* CameraHome.swift */,
				B905B27E2C8A706A006F994E /* WebRTCManager.swift */,
				B9FFD4EB2D163C1A00FAD8CA /* ARViewContainer.swift */,
				B9BDD0642C573EA20061475C /* peripheralView.swift */,
				B905B27C2C8A6BD3006F994E /* liveConnectionView.swift */,
				B9D8D3F02C534DA800A7B839 /* SwiftUIView.swift */,
				B9104F612BFDE63C000D4DDD /* Assets.xcassets */,
				B9104F632BFDE63C000D4DDD /* Preview Content */,
			);
			path = ReskinBLEApp;
			sourceTree = "<group>";
		};
		B9104F632BFDE63C000D4DDD /* Preview Content */ = {
			isa = PBXGroup;
			children = (
			);
			path = "Preview Content";
			sourceTree = "<group>";
		};
		B9104F6D2BFDE63C000D4DDD /* ReskinBLEAppTests */ = {
			isa = PBXGroup;
			children = (
				B9104F6E2BFDE63C000D4DDD /* USBInterfaceAppTests.swift */,
			);
			path = ReskinBLEAppTests;
			sourceTree = "<group>";
		};
		B9104F772BFDE63C000D4DDD /* ReskinBLEAppUITests */ = {
			isa = PBXGroup;
			children = (
				B9104F782BFDE63C000D4DDD /* USBInterfaceAppUITests.swift */,
				B9104F7A2BFDE63C000D4DDD /* USBInterfaceAppUITestsLaunchTests.swift */,
			);
			path = ReskinBLEAppUITests;
			sourceTree = "<group>";
		};
/* End PBXGroup section */

/* Begin PBXNativeTarget section */
		B9104F592BFDE63A000D4DDD /* ReskinBLEApp */ = {
			isa = PBXNativeTarget;
			buildConfigurationList = B9104F7E2BFDE63C000D4DDD /* Build configuration list for PBXNativeTarget "ReskinBLEApp" */;
			buildPhases = (
				A42CDBF7C43F93BDD9CC0D8E /* [CP] Check Pods Manifest.lock */,
				B9104F562BFDE63A000D4DDD /* Sources */,
				B9104F572BFDE63A000D4DDD /* Frameworks */,
				B9104F582BFDE63A000D4DDD /* Resources */,
				E018960A435054A4520E6F6E /* [CP] Embed Pods Frameworks */,
			);
			buildRules = (
			);
			dependencies = (
			);
			name = ReskinBLEApp;
			productName = USBInterfaceApp;
			productReference = B9104F5A2BFDE63A000D4DDD /* ReskinBLEApp.app */;
			productType = "com.apple.product-type.application";
		};
		B9104F692BFDE63C000D4DDD /* ReskinBLEAppTests */ = {
			isa = PBXNativeTarget;
			buildConfigurationList = B9104F812BFDE63C000D4DDD /* Build configuration list for PBXNativeTarget "ReskinBLEAppTests" */;
			buildPhases = (
				BFD71C2404AEF1C415B28069 /* [CP] Check Pods Manifest.lock */,
				B9104F662BFDE63C000D4DDD /* Sources */,
				B9104F672BFDE63C000D4DDD /* Frameworks */,
				B9104F682BFDE63C000D4DDD /* Resources */,
			);
			buildRules = (
			);
			dependencies = (
				B9104F6C2BFDE63C000D4DDD /* PBXTargetDependency */,
			);
			name = ReskinBLEAppTests;
			productName = USBInterfaceAppTests;
			productReference = B9104F6A2BFDE63C000D4DDD /* ReskinBLEAppTests.xctest */;
			productType = "com.apple.product-type.bundle.unit-test";
		};
		B9104F732BFDE63C000D4DDD /* ReskinBLEAppUITests */ = {
			isa = PBXNativeTarget;
			buildConfigurationList = B9104F842BFDE63C000D4DDD /* Build configuration list for PBXNativeTarget "ReskinBLEAppUITests" */;
			buildPhases = (
				19E588D3E85EB7C643595B3F /* [CP] Check Pods Manifest.lock */,
				B9104F702BFDE63C000D4DDD /* Sources */,
				B9104F712BFDE63C000D4DDD /* Frameworks */,
				B9104F722BFDE63C000D4DDD /* Resources */,
				47E01454EDE00553CA712AD2 /* [CP] Embed Pods Frameworks */,
			);
			buildRules = (
			);
			dependencies = (
				B9104F762BFDE63C000D4DDD /* PBXTargetDependency */,
			);
			name = ReskinBLEAppUITests;
			productName = USBInterfaceAppUITests;
			productReference = B9104F742BFDE63C000D4DDD /* ReskinBLEAppUITests.xctest */;
			productType = "com.apple.product-type.bundle.ui-testing";
		};
/* End PBXNativeTarget section */

/* Begin PBXProject section */
		B9104F522BFDE63A000D4DDD /* Project object */ = {
			isa = PBXProject;
			attributes = {
				BuildIndependentTargetsInParallel = 1;
				LastSwiftUpdateCheck = 1530;
				LastUpgradeCheck = 1530;
				TargetAttributes = {
					B9104F592BFDE63A000D4DDD = {
						CreatedOnToolsVersion = 15.3;
					};
					B9104F692BFDE63C000D4DDD = {
						CreatedOnToolsVersion = 15.3;
						TestTargetID = B9104F592BFDE63A000D4DDD;
					};
					B9104F732BFDE63C000D4DDD = {
						CreatedOnToolsVersion = 15.3;
						TestTargetID = B9104F592BFDE63A000D4DDD;
					};
				};
			};
			buildConfigurationList = B9104F552BFDE63A000D4DDD /* Build configuration list for PBXProject "ReskinBLEApp" */;
			compatibilityVersion = "Xcode 14.0";
			developmentRegion = en;
			hasScannedForEncodings = 0;
			knownRegions = (
				en,
				Base,
			);
			mainGroup = B9104F512BFDE63A000D4DDD;
			packageReferences = (
				B98D69592C0486D500648D95 /* XCRemoteSwiftPackageReference "PythonKit" */,
				B98D69602C048AF100648D95 /* XCRemoteSwiftPackageReference "numpy" */,
				B905B27B2C88D706006F994E /* XCRemoteSwiftPackageReference "WebRTC-iOS-SDK" */,
			);
			productRefGroup = B9104F5B2BFDE63A000D4DDD /* Products */;
			projectDirPath = "";
			projectRoot = "";
			targets = (
				B9104F592BFDE63A000D4DDD /* ReskinBLEApp */,
				B9104F692BFDE63C000D4DDD /* ReskinBLEAppTests */,
				B9104F732BFDE63C000D4DDD /* ReskinBLEAppUITests */,
			);
		};
/* End PBXProject section */

/* Begin PBXResourcesBuildPhase section */
		B9104F582BFDE63A000D4DDD /* Resources */ = {
			isa = PBXResourcesBuildPhase;
			buildActionMask = 2147483647;
			files = (
				B9104F622BFDE63C000D4DDD /* Assets.xcassets in Resources */,
			);
			runOnlyForDeploymentPostprocessing = 0;
		};
		B9104F682BFDE63C000D4DDD /* Resources */ = {
			isa = PBXResourcesBuildPhase;
			buildActionMask = 2147483647;
			files = (
			);
			runOnlyForDeploymentPostprocessing = 0;
		};
		B9104F722BFDE63C000D4DDD /* Resources */ = {
			isa = PBXResourcesBuildPhase;
			buildActionMask = 2147483647;
			files = (
			);
			runOnlyForDeploymentPostprocessing = 0;
		};
/* End PBXResourcesBuildPhase section */

/* Begin PBXShellScriptBuildPhase section */
		19E588D3E85EB7C643595B3F /* [CP] Check Pods Manifest.lock */ = {
			isa = PBXShellScriptBuildPhase;
			buildActionMask = 2147483647;
			files = (
			);
			inputFileListPaths = (
			);
			inputPaths = (
				"${PODS_PODFILE_DIR_PATH}/Podfile.lock",
				"${PODS_ROOT}/Manifest.lock",
			);
			name = "[CP] Check Pods Manifest.lock";
			outputFileListPaths = (
			);
			outputPaths = (
				"$(DERIVED_FILE_DIR)/Pods-ReskinBLEApp-ReskinBLEAppUITests-checkManifestLockResult.txt",
			);
			runOnlyForDeploymentPostprocessing = 0;
			shellPath = /bin/sh;
			shellScript = "diff \"${PODS_PODFILE_DIR_PATH}/Podfile.lock\" \"${PODS_ROOT}/Manifest.lock\" > /dev/null\nif [ $? != 0 ] ; then\n    # print error to STDERR\n    echo \"error: The sandbox is not in sync with the Podfile.lock. Run 'pod install' or update your CocoaPods installation.\" >&2\n    exit 1\nfi\n# This output is used by Xcode 'outputs' to avoid re-running this script phase.\necho \"SUCCESS\" > \"${SCRIPT_OUTPUT_FILE_0}\"\n";
			showEnvVarsInLog = 0;
		};
		47E01454EDE00553CA712AD2 /* [CP] Embed Pods Frameworks */ = {
			isa = PBXShellScriptBuildPhase;
			buildActionMask = 2147483647;
			files = (
			);
			inputFileListPaths = (
				"${PODS_ROOT}/Target Support Files/Pods-ReskinBLEApp-ReskinBLEAppUITests/Pods-ReskinBLEApp-ReskinBLEAppUITests-frameworks-${CONFIGURATION}-input-files.xcfilelist",
			);
			name = "[CP] Embed Pods Frameworks";
			outputFileListPaths = (
				"${PODS_ROOT}/Target Support Files/Pods-ReskinBLEApp-ReskinBLEAppUITests/Pods-ReskinBLEApp-ReskinBLEAppUITests-frameworks-${CONFIGURATION}-output-files.xcfilelist",
			);
			runOnlyForDeploymentPostprocessing = 0;
			shellPath = /bin/sh;
			shellScript = "\"${PODS_ROOT}/Target Support Files/Pods-ReskinBLEApp-ReskinBLEAppUITests/Pods-ReskinBLEApp-ReskinBLEAppUITests-frameworks.sh\"\n";
			showEnvVarsInLog = 0;
		};
		A42CDBF7C43F93BDD9CC0D8E /* [CP] Check Pods Manifest.lock */ = {
			isa = PBXShellScriptBuildPhase;
			buildActionMask = 2147483647;
			files = (
			);
			inputFileListPaths = (
			);
			inputPaths = (
				"${PODS_PODFILE_DIR_PATH}/Podfile.lock",
				"${PODS_ROOT}/Manifest.lock",
			);
			name = "[CP] Check Pods Manifest.lock";
			outputFileListPaths = (
			);
			outputPaths = (
				"$(DERIVED_FILE_DIR)/Pods-ReskinBLEApp-checkManifestLockResult.txt",
			);
			runOnlyForDeploymentPostprocessing = 0;
			shellPath = /bin/sh;
			shellScript = "diff \"${PODS_PODFILE_DIR_PATH}/Podfile.lock\" \"${PODS_ROOT}/Manifest.lock\" > /dev/null\nif [ $? != 0 ] ; then\n    # print error to STDERR\n    echo \"error: The sandbox is not in sync with the Podfile.lock. Run 'pod install' or update your CocoaPods installation.\" >&2\n    exit 1\nfi\n# This output is used by Xcode 'outputs' to avoid re-running this script phase.\necho \"SUCCESS\" > \"${SCRIPT_OUTPUT_FILE_0}\"\n";
			showEnvVarsInLog = 0;
		};
		BFD71C2404AEF1C415B28069 /* [CP] Check Pods Manifest.lock */ = {
			isa = PBXShellScriptBuildPhase;
			buildActionMask = 2147483647;
			files = (
			);
			inputFileListPaths = (
			);
			inputPaths = (
				"${PODS_PODFILE_DIR_PATH}/Podfile.lock",
				"${PODS_ROOT}/Manifest.lock",
			);
			name = "[CP] Check Pods Manifest.lock";
			outputFileListPaths = (
			);
			outputPaths = (
				"$(DERIVED_FILE_DIR)/Pods-ReskinBLEAppTests-checkManifestLockResult.txt",
			);
			runOnlyForDeploymentPostprocessing = 0;
			shellPath = /bin/sh;
			shellScript = "diff \"${PODS_PODFILE_DIR_PATH}/Podfile.lock\" \"${PODS_ROOT}/Manifest.lock\" > /dev/null\nif [ $? != 0 ] ; then\n    # print error to STDERR\n    echo \"error: The sandbox is not in sync with the Podfile.lock. Run 'pod install' or update your CocoaPods installation.\" >&2\n    exit 1\nfi\n# This output is used by Xcode 'outputs' to avoid re-running this script phase.\necho \"SUCCESS\" > \"${SCRIPT_OUTPUT_FILE_0}\"\n";
			showEnvVarsInLog = 0;
		};
		E018960A435054A4520E6F6E /* [CP] Embed Pods Frameworks */ = {
			isa = PBXShellScriptBuildPhase;
			buildActionMask = 2147483647;
			files = (
			);
			inputFileListPaths = (
				"${PODS_ROOT}/Target Support Files/Pods-ReskinBLEApp/Pods-ReskinBLEApp-frameworks-${CONFIGURATION}-input-files.xcfilelist",
			);
			name = "[CP] Embed Pods Frameworks";
			outputFileListPaths = (
				"${PODS_ROOT}/Target Support Files/Pods-ReskinBLEApp/Pods-ReskinBLEApp-frameworks-${CONFIGURATION}-output-files.xcfilelist",
			);
			runOnlyForDeploymentPostprocessing = 0;
			shellPath = /bin/sh;
			shellScript = "\"${PODS_ROOT}/Target Support Files/Pods-ReskinBLEApp/Pods-ReskinBLEApp-frameworks.sh\"\n";
			showEnvVarsInLog = 0;
		};
/* End PBXShellScriptBuildPhase section */

/* Begin PBXSourcesBuildPhase section */
		B9104F562BFDE63A000D4DDD /* Sources */ = {
			isa = PBXSourcesBuildPhase;
			buildActionMask = 2147483647;
			files = (
				B905B27D2C8A6BD3006F994E /* liveConnectionView.swift in Sources */,
				B9B046AC2C0DE7D000096E8B /* TryReadDataView.swift in Sources */,
				B9104F602BFDE63A000D4DDD /* ContentView.swift in Sources */,
				B9D8D3F12C534DA800A7B839 /* SwiftUIView.swift in Sources */,
				B9104F5E2BFDE63A000D4DDD /* USBInterfaceAppApp.swift in Sources */,
				B98D69542C04563000648D95 /* readView.swift in Sources */,
				B9BDD0652C573EA20061475C /* peripheralView.swift in Sources */,
				B9D072BF2C1445E700C5ECD8 /* BluetoothManager.swift in Sources */,
				B98D69522C04559900648D95 /* dataStroageView.swift in Sources */,
				B9D072C32C23F6F100C5ECD8 /* deviceView.swift in Sources */,
				B9F3C4182C518050008B555A /* CameraViewModel.swift in Sources */,
				B9F3C4142C515F1A008B555A /* CameraHome.swift in Sources */,
				B9D072C12C145BE700C5ECD8 /* CBUUIDS.swift in Sources */,
				B9944A362CFE989100232FBB /* MainView.swift in Sources */,
				B98D69582C04671200648D95 /* ViewController.swift in Sources */,
				B9944A342CFE983300232FBB /* MainPage.swift in Sources */,
				B9B046A82C06DFA300096E8B /* DataViewView.swift in Sources */,
				B98D69562C04569C00648D95 /* accountView.swift in Sources */,
				B905B27F2C8A706A006F994E /* WebRTCManager.swift in Sources */,
				B9FFD4EC2D163C1A00FAD8CA /* ARViewContainer.swift in Sources */,
			);
			runOnlyForDeploymentPostprocessing = 0;
		};
		B9104F662BFDE63C000D4DDD /* Sources */ = {
			isa = PBXSourcesBuildPhase;
			buildActionMask = 2147483647;
			files = (
				B9104F6F2BFDE63C000D4DDD /* USBInterfaceAppTests.swift in Sources */,
			);
			runOnlyForDeploymentPostprocessing = 0;
		};
		B9104F702BFDE63C000D4DDD /* Sources */ = {
			isa = PBXSourcesBuildPhase;
			buildActionMask = 2147483647;
			files = (
				B9104F792BFDE63C000D4DDD /* USBInterfaceAppUITests.swift in Sources */,
				B9104F7B2BFDE63C000D4DDD /* USBInterfaceAppUITestsLaunchTests.swift in Sources */,
			);
			runOnlyForDeploymentPostprocessing = 0;
		};
/* End PBXSourcesBuildPhase section */

/* Begin PBXTargetDependency section */
		B9104F6C2BFDE63C000D4DDD /* PBXTargetDependency */ = {
			isa = PBXTargetDependency;
			target = B9104F592BFDE63A000D4DDD /* ReskinBLEApp */;
			targetProxy = B9104F6B2BFDE63C000D4DDD /* PBXContainerItemProxy */;
		};
		B9104F762BFDE63C000D4DDD /* PBXTargetDependency */ = {
			isa = PBXTargetDependency;
			target = B9104F592BFDE63A000D4DDD /* ReskinBLEApp */;
			targetProxy = B9104F752BFDE63C000D4DDD /* PBXContainerItemProxy */;
		};
/* End PBXTargetDependency section */

/* Begin XCBuildConfiguration section */
		B9104F7C2BFDE63C000D4DDD /* Debug */ = {
			isa = XCBuildConfiguration;
			buildSettings = {
				ALWAYS_SEARCH_USER_PATHS = NO;
				ASSETCATALOG_COMPILER_GENERATE_SWIFT_ASSET_SYMBOL_EXTENSIONS = YES;
				CLANG_ANALYZER_NONNULL = YES;
				CLANG_ANALYZER_NUMBER_OBJECT_CONVERSION = YES_AGGRESSIVE;
				CLANG_CXX_LANGUAGE_STANDARD = "gnu++20";
				CLANG_ENABLE_MODULES = YES;
				CLANG_ENABLE_OBJC_ARC = YES;
				CLANG_ENABLE_OBJC_WEAK = YES;
				CLANG_WARN_BLOCK_CAPTURE_AUTORELEASING = YES;
				CLANG_WARN_BOOL_CONVERSION = YES;
				CLANG_WARN_COMMA = YES;
				CLANG_WARN_CONSTANT_CONVERSION = YES;
				CLANG_WARN_DEPRECATED_OBJC_IMPLEMENTATIONS = YES;
				CLANG_WARN_DIRECT_OBJC_ISA_USAGE = YES_ERROR;
				CLANG_WARN_DOCUMENTATION_COMMENTS = YES;
				CLANG_WARN_EMPTY_BODY = YES;
				CLANG_WARN_ENUM_CONVERSION = YES;
				CLANG_WARN_INFINITE_RECURSION = YES;
				CLANG_WARN_INT_CONVERSION = YES;
				CLANG_WARN_NON_LITERAL_NULL_CONVERSION = YES;
				CLANG_WARN_OBJC_IMPLICIT_RETAIN_SELF = YES;
				CLANG_WARN_OBJC_LITERAL_CONVERSION = YES;
				CLANG_WARN_OBJC_ROOT_CLASS = YES_ERROR;
				CLANG_WARN_QUOTED_INCLUDE_IN_FRAMEWORK_HEADER = YES;
				CLANG_WARN_RANGE_LOOP_ANALYSIS = YES;
				CLANG_WARN_STRICT_PROTOTYPES = YES;
				CLANG_WARN_SUSPICIOUS_MOVE = YES;
				CLANG_WARN_UNGUARDED_AVAILABILITY = YES_AGGRESSIVE;
				CLANG_WARN_UNREACHABLE_CODE = YES;
				CLANG_WARN__DUPLICATE_METHOD_MATCH = YES;
				COPY_PHASE_STRIP = NO;
				DEBUG_INFORMATION_FORMAT = dwarf;
				ENABLE_STRICT_OBJC_MSGSEND = YES;
				ENABLE_TESTABILITY = YES;
				ENABLE_USER_SCRIPT_SANDBOXING = YES;
				GCC_C_LANGUAGE_STANDARD = gnu17;
				GCC_DYNAMIC_NO_PIC = NO;
				GCC_NO_COMMON_BLOCKS = YES;
				GCC_OPTIMIZATION_LEVEL = 0;
				GCC_PREPROCESSOR_DEFINITIONS = (
					"DEBUG=1",
					"$(inherited)",
				);
				GCC_WARN_64_TO_32_BIT_CONVERSION = YES;
				GCC_WARN_ABOUT_RETURN_TYPE = YES_ERROR;
				GCC_WARN_UNDECLARED_SELECTOR = YES;
				GCC_WARN_UNINITIALIZED_AUTOS = YES_AGGRESSIVE;
				GCC_WARN_UNUSED_FUNCTION = YES;
				GCC_WARN_UNUSED_VARIABLE = YES;
				IPHONEOS_DEPLOYMENT_TARGET = 17.4;
				LOCALIZATION_PREFERS_STRING_CATALOGS = YES;
				MTL_ENABLE_DEBUG_INFO = INCLUDE_SOURCE;
				MTL_FAST_MATH = YES;
				ONLY_ACTIVE_ARCH = YES;
				SDKROOT = iphoneos;
				SWIFT_ACTIVE_COMPILATION_CONDITIONS = "DEBUG $(inherited)";
				SWIFT_OPTIMIZATION_LEVEL = "-Onone";
			};
			name = Debug;
		};
		B9104F7D2BFDE63C000D4DDD /* Release */ = {
			isa = XCBuildConfiguration;
			buildSettings = {
				ALWAYS_SEARCH_USER_PATHS = NO;
				ASSETCATALOG_COMPILER_GENERATE_SWIFT_ASSET_SYMBOL_EXTENSIONS = YES;
				CLANG_ANALYZER_NONNULL = YES;
				CLANG_ANALYZER_NUMBER_OBJECT_CONVERSION = YES_AGGRESSIVE;
				CLANG_CXX_LANGUAGE_STANDARD = "gnu++20";
				CLANG_ENABLE_MODULES = YES;
				CLANG_ENABLE_OBJC_ARC = YES;
				CLANG_ENABLE_OBJC_WEAK = YES;
				CLANG_WARN_BLOCK_CAPTURE_AUTORELEASING = YES;
				CLANG_WARN_BOOL_CONVERSION = YES;
				CLANG_WARN_COMMA = YES;
				CLANG_WARN_CONSTANT_CONVERSION = YES;
				CLANG_WARN_DEPRECATED_OBJC_IMPLEMENTATIONS = YES;
				CLANG_WARN_DIRECT_OBJC_ISA_USAGE = YES_ERROR;
				CLANG_WARN_DOCUMENTATION_COMMENTS = YES;
				CLANG_WARN_EMPTY_BODY = YES;
				CLANG_WARN_ENUM_CONVERSION = YES;
				CLANG_WARN_INFINITE_RECURSION = YES;
				CLANG_WARN_INT_CONVERSION = YES;
				CLANG_WARN_NON_LITERAL_NULL_CONVERSION = YES;
				CLANG_WARN_OBJC_IMPLICIT_RETAIN_SELF = YES;
				CLANG_WARN_OBJC_LITERAL_CONVERSION = YES;
				CLANG_WARN_OBJC_ROOT_CLASS = YES_ERROR;
				CLANG_WARN_QUOTED_INCLUDE_IN_FRAMEWORK_HEADER = YES;
				CLANG_WARN_RANGE_LOOP_ANALYSIS = YES;
				CLANG_WARN_STRICT_PROTOTYPES = YES;
				CLANG_WARN_SUSPICIOUS_MOVE = YES;
				CLANG_WARN_UNGUARDED_AVAILABILITY = YES_AGGRESSIVE;
				CLANG_WARN_UNREACHABLE_CODE = YES;
				CLANG_WARN__DUPLICATE_METHOD_MATCH = YES;
				COPY_PHASE_STRIP = NO;
				DEBUG_INFORMATION_FORMAT = "dwarf-with-dsym";
				ENABLE_NS_ASSERTIONS = NO;
				ENABLE_STRICT_OBJC_MSGSEND = YES;
				ENABLE_USER_SCRIPT_SANDBOXING = YES;
				GCC_C_LANGUAGE_STANDARD = gnu17;
				GCC_NO_COMMON_BLOCKS = YES;
				GCC_WARN_64_TO_32_BIT_CONVERSION = YES;
				GCC_WARN_ABOUT_RETURN_TYPE = YES_ERROR;
				GCC_WARN_UNDECLARED_SELECTOR = YES;
				GCC_WARN_UNINITIALIZED_AUTOS = YES_AGGRESSIVE;
				GCC_WARN_UNUSED_FUNCTION = YES;
				GCC_WARN_UNUSED_VARIABLE = YES;
				IPHONEOS_DEPLOYMENT_TARGET = 17.4;
				LOCALIZATION_PREFERS_STRING_CATALOGS = YES;
				MTL_ENABLE_DEBUG_INFO = NO;
				MTL_FAST_MATH = YES;
				SDKROOT = iphoneos;
				SWIFT_COMPILATION_MODE = wholemodule;
				VALIDATE_PRODUCT = YES;
			};
			name = Release;
		};
		B9104F7F2BFDE63C000D4DDD /* Debug */ = {
			isa = XCBuildConfiguration;
			baseConfigurationReference = 1ACF9268D5F722721AF8AB81 /* Pods-ReskinBLEApp.debug.xcconfig */;
			buildSettings = {
				ASSETCATALOG_COMPILER_APPICON_NAME = AppIcon;
				ASSETCATALOG_COMPILER_GLOBAL_ACCENT_COLOR_NAME = AccentColor;
				CODE_SIGN_IDENTITY = "Apple Development";
				CODE_SIGN_STYLE = Automatic;
				CURRENT_PROJECT_VERSION = 1;
				DEVELOPMENT_ASSET_PATHS = "\"ReskinBLEApp/Preview Content\"";
				DEVELOPMENT_TEAM = 2S4WVQA973;
				ENABLE_PREVIEWS = YES;
				ENABLE_USER_SCRIPT_SANDBOXING = NO;
				EXCLUDED_ARCHS = "";
				GENERATE_INFOPLIST_FILE = YES;
				INFOPLIST_FILE = ReskinBLEApp/Info.plist;
				INFOPLIST_KEY_CFBundleDisplayName = ReskinBLEApp;
				INFOPLIST_KEY_LSSupportsOpeningDocumentsInPlace = YES;
				INFOPLIST_KEY_NSBluetoothAlwaysUsageDescription = "";
				INFOPLIST_KEY_NSBluetoothPeripheralUsageDescription = "";
				INFOPLIST_KEY_NSCameraUsageDescription = "THis app needs access to the camera to enable Augmented Reality";
				INFOPLIST_KEY_NSMicrophoneUsageDescription = "";
				INFOPLIST_KEY_NSPhotoLibraryUsageDescription = "";
				INFOPLIST_KEY_UIApplicationSceneManifest_Generation = YES;
				INFOPLIST_KEY_UIApplicationSupportsIndirectInputEvents = YES;
				INFOPLIST_KEY_UILaunchScreen_Generation = YES;
				INFOPLIST_KEY_UISupportedInterfaceOrientations_iPad = "UIInterfaceOrientationPortrait UIInterfaceOrientationPortraitUpsideDown UIInterfaceOrientationLandscapeLeft UIInterfaceOrientationLandscapeRight";
				INFOPLIST_KEY_UISupportedInterfaceOrientations_iPhone = UIInterfaceOrientationPortrait;
				LD_RUNPATH_SEARCH_PATHS = (
					"$(inherited)",
					"@executable_path/Frameworks",
				);
				MARKETING_VERSION = 1.0;
				PRODUCT_BUNDLE_IDENTIFIER = Michael.newReskin.com;
				PRODUCT_NAME = "$(TARGET_NAME)";
				PROVISIONING_PROFILE_SPECIFIER = "";
				SWIFT_EMIT_LOC_STRINGS = YES;
				SWIFT_VERSION = 5.0;
				TARGETED_DEVICE_FAMILY = "1,2";
			};
			name = Debug;
		};
		B9104F802BFDE63C000D4DDD /* Release */ = {
			isa = XCBuildConfiguration;
			baseConfigurationReference = 0CBD4267F2EF97DBCD33503C /* Pods-ReskinBLEApp.release.xcconfig */;
			buildSettings = {
				ASSETCATALOG_COMPILER_APPICON_NAME = AppIcon;
				ASSETCATALOG_COMPILER_GLOBAL_ACCENT_COLOR_NAME = AccentColor;
				CODE_SIGN_IDENTITY = "Apple Development";
				CODE_SIGN_STYLE = Automatic;
				CURRENT_PROJECT_VERSION = 1;
				DEVELOPMENT_ASSET_PATHS = "\"ReskinBLEApp/Preview Content\"";
				DEVELOPMENT_TEAM = 2S4WVQA973;
				ENABLE_PREVIEWS = YES;
				ENABLE_USER_SCRIPT_SANDBOXING = NO;
				GENERATE_INFOPLIST_FILE = YES;
				INFOPLIST_FILE = ReskinBLEApp/Info.plist;
				INFOPLIST_KEY_CFBundleDisplayName = ReskinBLEApp;
				INFOPLIST_KEY_LSSupportsOpeningDocumentsInPlace = YES;
				INFOPLIST_KEY_NSBluetoothAlwaysUsageDescription = "";
				INFOPLIST_KEY_NSBluetoothPeripheralUsageDescription = "";
				INFOPLIST_KEY_NSCameraUsageDescription = "THis app needs access to the camera to enable Augmented Reality";
				INFOPLIST_KEY_NSMicrophoneUsageDescription = "";
				INFOPLIST_KEY_NSPhotoLibraryUsageDescription = "";
				INFOPLIST_KEY_UIApplicationSceneManifest_Generation = YES;
				INFOPLIST_KEY_UIApplicationSupportsIndirectInputEvents = YES;
				INFOPLIST_KEY_UILaunchScreen_Generation = YES;
				INFOPLIST_KEY_UISupportedInterfaceOrientations_iPad = "UIInterfaceOrientationPortrait UIInterfaceOrientationPortraitUpsideDown UIInterfaceOrientationLandscapeLeft UIInterfaceOrientationLandscapeRight";
				INFOPLIST_KEY_UISupportedInterfaceOrientations_iPhone = UIInterfaceOrientationPortrait;
				LD_RUNPATH_SEARCH_PATHS = (
					"$(inherited)",
					"@executable_path/Frameworks",
				);
				MARKETING_VERSION = 1.0;
				PRODUCT_BUNDLE_IDENTIFIER = Michael.newReskin.com;
				PRODUCT_NAME = "$(TARGET_NAME)";
				PROVISIONING_PROFILE_SPECIFIER = "";
				SWIFT_EMIT_LOC_STRINGS = YES;
				SWIFT_VERSION = 5.0;
				TARGETED_DEVICE_FAMILY = "1,2";
			};
			name = Release;
		};
		B9104F822BFDE63C000D4DDD /* Debug */ = {
			isa = XCBuildConfiguration;
			baseConfigurationReference = DD73662182F31C9D894E5858 /* Pods-ReskinBLEAppTests.debug.xcconfig */;
			buildSettings = {
				ALWAYS_EMBED_SWIFT_STANDARD_LIBRARIES = YES;
				BUNDLE_LOADER = "$(TEST_HOST)";
				CODE_SIGN_STYLE = Automatic;
				CURRENT_PROJECT_VERSION = 1;
				DEVELOPMENT_TEAM = 9U23FMDF45;
				ENABLE_USER_SCRIPT_SANDBOXING = NO;
				GENERATE_INFOPLIST_FILE = YES;
				IPHONEOS_DEPLOYMENT_TARGET = 17.4;
				MARKETING_VERSION = 1.0;
				PRODUCT_BUNDLE_IDENTIFIER = Raunaq.USBInterfaceAppTests;
				PRODUCT_NAME = "$(TARGET_NAME)";
				SWIFT_EMIT_LOC_STRINGS = NO;
				SWIFT_VERSION = 5.0;
				TARGETED_DEVICE_FAMILY = "1,2";
				TEST_HOST = "$(BUILT_PRODUCTS_DIR)/ReskinBLEApp.app/$(BUNDLE_EXECUTABLE_FOLDER_PATH)/ReskinBLEApp";
			};
			name = Debug;
		};
		B9104F832BFDE63C000D4DDD /* Release */ = {
			isa = XCBuildConfiguration;
			baseConfigurationReference = 343E0790C0DA3CC1E2DF3D0C /* Pods-ReskinBLEAppTests.release.xcconfig */;
			buildSettings = {
				ALWAYS_EMBED_SWIFT_STANDARD_LIBRARIES = YES;
				BUNDLE_LOADER = "$(TEST_HOST)";
				CODE_SIGN_STYLE = Automatic;
				CURRENT_PROJECT_VERSION = 1;
				DEVELOPMENT_TEAM = 9U23FMDF45;
				ENABLE_USER_SCRIPT_SANDBOXING = NO;
				GENERATE_INFOPLIST_FILE = YES;
				IPHONEOS_DEPLOYMENT_TARGET = 17.4;
				MARKETING_VERSION = 1.0;
				PRODUCT_BUNDLE_IDENTIFIER = Raunaq.USBInterfaceAppTests;
				PRODUCT_NAME = "$(TARGET_NAME)";
				SWIFT_EMIT_LOC_STRINGS = NO;
				SWIFT_VERSION = 5.0;
				TARGETED_DEVICE_FAMILY = "1,2";
				TEST_HOST = "$(BUILT_PRODUCTS_DIR)/ReskinBLEApp.app/$(BUNDLE_EXECUTABLE_FOLDER_PATH)/ReskinBLEApp";
			};
			name = Release;
		};
		B9104F852BFDE63C000D4DDD /* Debug */ = {
			isa = XCBuildConfiguration;
			baseConfigurationReference = 58E1B0A80DFAF829946B0063 /* Pods-ReskinBLEApp-ReskinBLEAppUITests.debug.xcconfig */;
			buildSettings = {
				ALWAYS_EMBED_SWIFT_STANDARD_LIBRARIES = YES;
				CODE_SIGN_STYLE = Automatic;
				CURRENT_PROJECT_VERSION = 1;
				DEVELOPMENT_TEAM = 9U23FMDF45;
				ENABLE_USER_SCRIPT_SANDBOXING = NO;
				GENERATE_INFOPLIST_FILE = YES;
				MARKETING_VERSION = 1.0;
				PRODUCT_BUNDLE_IDENTIFIER = Raunaq.USBInterfaceAppUITests;
				PRODUCT_NAME = "$(TARGET_NAME)";
				SWIFT_EMIT_LOC_STRINGS = NO;
				SWIFT_VERSION = 5.0;
				TARGETED_DEVICE_FAMILY = "1,2";
				TEST_TARGET_NAME = USBInterfaceApp;
			};
			name = Debug;
		};
		B9104F862BFDE63C000D4DDD /* Release */ = {
			isa = XCBuildConfiguration;
			baseConfigurationReference = F3F1F260C56E398FCAC64AE0 /* Pods-ReskinBLEApp-ReskinBLEAppUITests.release.xcconfig */;
			buildSettings = {
				ALWAYS_EMBED_SWIFT_STANDARD_LIBRARIES = YES;
				CODE_SIGN_STYLE = Automatic;
				CURRENT_PROJECT_VERSION = 1;
				DEVELOPMENT_TEAM = 9U23FMDF45;
				ENABLE_USER_SCRIPT_SANDBOXING = NO;
				GENERATE_INFOPLIST_FILE = YES;
				MARKETING_VERSION = 1.0;
				PRODUCT_BUNDLE_IDENTIFIER = Raunaq.USBInterfaceAppUITests;
				PRODUCT_NAME = "$(TARGET_NAME)";
				SWIFT_EMIT_LOC_STRINGS = NO;
				SWIFT_VERSION = 5.0;
				TARGETED_DEVICE_FAMILY = "1,2";
				TEST_TARGET_NAME = USBInterfaceApp;
			};
			name = Release;
		};
/* End XCBuildConfiguration section */

/* Begin XCConfigurationList section */
		B9104F552BFDE63A000D4DDD /* Build configuration list for PBXProject "ReskinBLEApp" */ = {
			isa = XCConfigurationList;
			buildConfigurations = (
				B9104F7C2BFDE63C000D4DDD /* Debug */,
				B9104F7D2BFDE63C000D4DDD /* Release */,
			);
			defaultConfigurationIsVisible = 0;
			defaultConfigurationName = Release;
		};
		B9104F7E2BFDE63C000D4DDD /* Build configuration list for PBXNativeTarget "ReskinBLEApp" */ = {
			isa = XCConfigurationList;
			buildConfigurations = (
				B9104F7F2BFDE63C000D4DDD /* Debug */,
				B9104F802BFDE63C000D4DDD /* Release */,
			);
			defaultConfigurationIsVisible = 0;
			defaultConfigurationName = Release;
		};
		B9104F812BFDE63C000D4DDD /* Build configuration list for PBXNativeTarget "ReskinBLEAppTests" */ = {
			isa = XCConfigurationList;
			buildConfigurations = (
				B9104F822BFDE63C000D4DDD /* Debug */,
				B9104F832BFDE63C000D4DDD /* Release */,
			);
			defaultConfigurationIsVisible = 0;
			defaultConfigurationName = Release;
		};
		B9104F842BFDE63C000D4DDD /* Build configuration list for PBXNativeTarget "ReskinBLEAppUITests" */ = {
			isa = XCConfigurationList;
			buildConfigurations = (
				B9104F852BFDE63C000D4DDD /* Debug */,
				B9104F862BFDE63C000D4DDD /* Release */,
			);
			defaultConfigurationIsVisible = 0;
			defaultConfigurationName = Release;
		};
/* End XCConfigurationList section */

/* Begin XCRemoteSwiftPackageReference section */
		B905B27B2C88D706006F994E /* XCRemoteSwiftPackageReference "WebRTC-iOS-SDK" */ = {
			isa = XCRemoteSwiftPackageReference;
			repositoryURL = "https://github.com/ant-media/WebRTC-iOS-SDK";
			requirement = {
				branch = master;
				kind = branch;
			};
		};
		B98D69592C0486D500648D95 /* XCRemoteSwiftPackageReference "PythonKit" */ = {
			isa = XCRemoteSwiftPackageReference;
			repositoryURL = "https://github.com/pvieito/PythonKit";
			requirement = {
				branch = master;
				kind = branch;
			};
		};
		B98D69602C048AF100648D95 /* XCRemoteSwiftPackageReference "numpy" */ = {
			isa = XCRemoteSwiftPackageReference;
			repositoryURL = "https://github.com/numpy/numpy";
			requirement = {
				branch = main;
				kind = branch;
			};
		};
/* End XCRemoteSwiftPackageReference section */
	};
	rootObject = B9104F522BFDE63A000D4DDD /* Project object */;
}
